// !$*UTF8*$!
{
	archiveVersion = 1;
	classes = {
	};
	objectVersion = 48;
	objects = {

/* Begin PBXBuildFile section */
		460718C02219B62B00ED3371 /* TableViewCell.swift in Sources */ = {isa = PBXBuildFile; fileRef = 460718BF2219B62B00ED3371 /* TableViewCell.swift */; };
		460718C2221A772F00ED3371 /* dataViewController.swift in Sources */ = {isa = PBXBuildFile; fileRef = 460718C1221A772F00ED3371 /* dataViewController.swift */; };
		4609E0E82216E0CE00FB0FD1 /* AppDelegate.swift in Sources */ = {isa = PBXBuildFile; fileRef = 4609E0E72216E0CE00FB0FD1 /* AppDelegate.swift */; };
		4609E0EA2216E0CE00FB0FD1 /* ViewController.swift in Sources */ = {isa = PBXBuildFile; fileRef = 4609E0E92216E0CE00FB0FD1 /* ViewController.swift */; };
		4609E0ED2216E0CE00FB0FD1 /* Main.storyboard in Resources */ = {isa = PBXBuildFile; fileRef = 4609E0EB2216E0CE00FB0FD1 /* Main.storyboard */; };
		4609E0EF2216E0CE00FB0FD1 /* Assets.xcassets in Resources */ = {isa = PBXBuildFile; fileRef = 4609E0EE2216E0CE00FB0FD1 /* Assets.xcassets */; };
		4609E0F22216E0CE00FB0FD1 /* LaunchScreen.storyboard in Resources */ = {isa = PBXBuildFile; fileRef = 4609E0F02216E0CE00FB0FD1 /* LaunchScreen.storyboard */; };
		4609E0FD2216E0CE00FB0FD1 /* demoJSonTests.swift in Sources */ = {isa = PBXBuildFile; fileRef = 4609E0FC2216E0CE00FB0FD1 /* demoJSonTests.swift */; };
		4609E1082216E0CE00FB0FD1 /* demoJSonUITests.swift in Sources */ = {isa = PBXBuildFile; fileRef = 4609E1072216E0CE00FB0FD1 /* demoJSonUITests.swift */; };
/* End PBXBuildFile section */

/* Begin PBXContainerItemProxy section */
		4609E0F92216E0CE00FB0FD1 /* PBXContainerItemProxy */ = {
			isa = PBXContainerItemProxy;
			containerPortal = 4609E0DC2216E0CE00FB0FD1 /* Project object */;
			proxyType = 1;
			remoteGlobalIDString = 4609E0E32216E0CE00FB0FD1;
			remoteInfo = demoJSon;
		};
		4609E1042216E0CE00FB0FD1 /* PBXContainerItemProxy */ = {
			isa = PBXContainerItemProxy;
			containerPortal = 4609E0DC2216E0CE00FB0FD1 /* Project object */;
			proxyType = 1;
			remoteGlobalIDString = 4609E0E32216E0CE00FB0FD1;
			remoteInfo = demoJSon;
		};
/* End PBXContainerItemProxy section */

/* Begin PBXFileReference section */
		460718BF2219B62B00ED3371 /* TableViewCell.swift */ = {isa = PBXFileReference; lastKnownFileType = sourcecode.swift; path = TableViewCell.swift; sourceTree = "<group>"; };
		460718C1221A772F00ED3371 /* dataViewController.swift */ = {isa = PBXFileReference; lastKnownFileType = sourcecode.swift; path = dataViewController.swift; sourceTree = "<group>"; };
		4609E0E42216E0CE00FB0FD1 /* demoJSon.app */ = {isa = PBXFileReference; explicitFileType = wrapper.application; includeInIndex = 0; path = demoJSon.app; sourceTree = BUILT_PRODUCTS_DIR; };
		4609E0E72216E0CE00FB0FD1 /* AppDelegate.swift */ = {isa = PBXFileReference; lastKnownFileType = sourcecode.swift; path = AppDelegate.swift; sourceTree = "<group>"; };
		4609E0E92216E0CE00FB0FD1 /* ViewController.swift */ = {isa = PBXFileReference; lastKnownFileType = sourcecode.swift; path = ViewController.swift; sourceTree = "<group>"; };
		4609E0EC2216E0CE00FB0FD1 /* Base */ = {isa = PBXFileReference; lastKnownFileType = file.storyboard; name = Base; path = Base.lproj/Main.storyboard; sourceTree = "<group>"; };
		4609E0EE2216E0CE00FB0FD1 /* Assets.xcassets */ = {isa = PBXFileReference; lastKnownFileType = folder.assetcatalog; path = Assets.xcassets; sourceTree = "<group>"; };
		4609E0F12216E0CE00FB0FD1 /* Base */ = {isa = PBXFileReference; lastKnownFileType = file.storyboard; name = Base; path = Base.lproj/LaunchScreen.storyboard; sourceTree = "<group>"; };
		4609E0F32216E0CE00FB0FD1 /* Info.plist */ = {isa = PBXFileReference; lastKnownFileType = text.plist.xml; path = Info.plist; sourceTree = "<group>"; };
		4609E0F82216E0CE00FB0FD1 /* demoJSonTests.xctest */ = {isa = PBXFileReference; explicitFileType = wrapper.cfbundle; includeInIndex = 0; path = demoJSonTests.xctest; sourceTree = BUILT_PRODUCTS_DIR; };
		4609E0FC2216E0CE00FB0FD1 /* demoJSonTests.swift */ = {isa = PBXFileReference; lastKnownFileType = sourcecode.swift; path = demoJSonTests.swift; sourceTree = "<group>"; };
		4609E0FE2216E0CE00FB0FD1 /* Info.plist */ = {isa = PBXFileReference; lastKnownFileType = text.plist.xml; path = Info.plist; sourceTree = "<group>"; };
		4609E1032216E0CE00FB0FD1 /* demoJSonUITests.xctest */ = {isa = PBXFileReference; explicitFileType = wrapper.cfbundle; includeInIndex = 0; path = demoJSonUITests.xctest; sourceTree = BUILT_PRODUCTS_DIR; };
		4609E1072216E0CE00FB0FD1 /* demoJSonUITests.swift */ = {isa = PBXFileReference; lastKnownFileType = sourcecode.swift; path = demoJSonUITests.swift; sourceTree = "<group>"; };
		4609E1092216E0CE00FB0FD1 /* Info.plist */ = {isa = PBXFileReference; lastKnownFileType = text.plist.xml; path = Info.plist; sourceTree = "<group>"; };
/* End PBXFileReference section */

/* Begin PBXFrameworksBuildPhase section */
		4609E0E12216E0CE00FB0FD1 /* Frameworks */ = {
			isa = PBXFrameworksBuildPhase;
			buildActionMask = 2147483647;
			files = (
			);
			runOnlyForDeploymentPostprocessing = 0;
		};
		4609E0F52216E0CE00FB0FD1 /* Frameworks */ = {
			isa = PBXFrameworksBuildPhase;
			buildActionMask = 2147483647;
			files = (
			);
			runOnlyForDeploymentPostprocessing = 0;
		};
		4609E1002216E0CE00FB0FD1 /* Frameworks */ = {
			isa = PBXFrameworksBuildPhase;
			buildActionMask = 2147483647;
			files = (
			);
			runOnlyForDeploymentPostprocessing = 0;
		};
/* End PBXFrameworksBuildPhase section */

/* Begin PBXGroup section */
		4609E0DB2216E0CE00FB0FD1 = {
			isa = PBXGroup;
			children = (
				4609E0E62216E0CE00FB0FD1 /* demoJSon */,
				4609E0FB2216E0CE00FB0FD1 /* demoJSonTests */,
				4609E1062216E0CE00FB0FD1 /* demoJSonUITests */,
				4609E0E52216E0CE00FB0FD1 /* Products */,
			);
			sourceTree = "<group>";
		};
		4609E0E52216E0CE00FB0FD1 /* Products */ = {
			isa = PBXGroup;
			children = (
				4609E0E42216E0CE00FB0FD1 /* demoJSon.app */,
				4609E0F82216E0CE00FB0FD1 /* demoJSonTests.xctest */,
				4609E1032216E0CE00FB0FD1 /* demoJSonUITests.xctest */,
			);
			name = Products;
			sourceTree = "<group>";
		};
		4609E0E62216E0CE00FB0FD1 /* demoJSon */ = {
			isa = PBXGroup;
			children = (
				4609E0E72216E0CE00FB0FD1 /* AppDelegate.swift */,
				4609E0E92216E0CE00FB0FD1 /* ViewController.swift */,
				460718BF2219B62B00ED3371 /* TableViewCell.swift */,
				4609E0EB2216E0CE00FB0FD1 /* Main.storyboard */,
				4609E0EE2216E0CE00FB0FD1 /* Assets.xcassets */,
				4609E0F02216E0CE00FB0FD1 /* LaunchScreen.storyboard */,
				4609E0F32216E0CE00FB0FD1 /* Info.plist */,
				460718C1221A772F00ED3371 /* dataViewController.swift */,
			);
			path = demoJSon;
			sourceTree = "<group>";
		};
		4609E0FB2216E0CE00FB0FD1 /* demoJSonTests */ = {
			isa = PBXGroup;
			children = (
				4609E0FC2216E0CE00FB0FD1 /* demoJSonTests.swift */,
				4609E0FE2216E0CE00FB0FD1 /* Info.plist */,
			);
			path = demoJSonTests;
			sourceTree = "<group>";
		};
		4609E1062216E0CE00FB0FD1 /* demoJSonUITests */ = {
			isa = PBXGroup;
			children = (
				4609E1072216E0CE00FB0FD1 /* demoJSonUITests.swift */,
				4609E1092216E0CE00FB0FD1 /* Info.plist */,
			);
			path = demoJSonUITests;
			sourceTree = "<group>";
		};
/* End PBXGroup section */

/* Begin PBXNativeTarget section */
		4609E0E32216E0CE00FB0FD1 /* demoJSon */ = {
			isa = PBXNativeTarget;
			buildConfigurationList = 4609E10C2216E0CE00FB0FD1 /* Build configuration list for PBXNativeTarget "demoJSon" */;
			buildPhases = (
				4609E0E02216E0CE00FB0FD1 /* Sources */,
				4609E0E12216E0CE00FB0FD1 /* Frameworks */,
				4609E0E22216E0CE00FB0FD1 /* Resources */,
			);
			buildRules = (
			);
			dependencies = (
			);
			name = demoJSon;
			productName = demoJSon;
			productReference = 4609E0E42216E0CE00FB0FD1 /* demoJSon.app */;
			productType = "com.apple.product-type.application";
		};
		4609E0F72216E0CE00FB0FD1 /* demoJSonTests */ = {
			isa = PBXNativeTarget;
			buildConfigurationList = 4609E10F2216E0CE00FB0FD1 /* Build configuration list for PBXNativeTarget "demoJSonTests" */;
			buildPhases = (
				4609E0F42216E0CE00FB0FD1 /* Sources */,
				4609E0F52216E0CE00FB0FD1 /* Frameworks */,
				4609E0F62216E0CE00FB0FD1 /* Resources */,
			);
			buildRules = (
			);
			dependencies = (
				4609E0FA2216E0CE00FB0FD1 /* PBXTargetDependency */,
			);
			name = demoJSonTests;
			productName = demoJSonTests;
			productReference = 4609E0F82216E0CE00FB0FD1 /* demoJSonTests.xctest */;
			productType = "com.apple.product-type.bundle.unit-test";
		};
		4609E1022216E0CE00FB0FD1 /* demoJSonUITests */ = {
			isa = PBXNativeTarget;
			buildConfigurationList = 4609E1122216E0CE00FB0FD1 /* Build configuration list for PBXNativeTarget "demoJSonUITests" */;
			buildPhases = (
				4609E0FF2216E0CE00FB0FD1 /* Sources */,
				4609E1002216E0CE00FB0FD1 /* Frameworks */,
				4609E1012216E0CE00FB0FD1 /* Resources */,
			);
			buildRules = (
			);
			dependencies = (
				4609E1052216E0CE00FB0FD1 /* PBXTargetDependency */,
			);
			name = demoJSonUITests;
			productName = demoJSonUITests;
			productReference = 4609E1032216E0CE00FB0FD1 /* demoJSonUITests.xctest */;
			productType = "com.apple.product-type.bundle.ui-testing";
		};
/* End PBXNativeTarget section */

/* Begin PBXProject section */
		4609E0DC2216E0CE00FB0FD1 /* Project object */ = {
			isa = PBXProject;
			attributes = {
				LastSwiftUpdateCheck = 0900;
				LastUpgradeCheck = 0900;
				ORGANIZATIONNAME = "ZOHAIB ";
				TargetAttributes = {
					4609E0E32216E0CE00FB0FD1 = {
						CreatedOnToolsVersion = 9.0;
						ProvisioningStyle = Automatic;
					};
					4609E0F72216E0CE00FB0FD1 = {
						CreatedOnToolsVersion = 9.0;
						ProvisioningStyle = Automatic;
						TestTargetID = 4609E0E32216E0CE00FB0FD1;
					};
					4609E1022216E0CE00FB0FD1 = {
						CreatedOnToolsVersion = 9.0;
						ProvisioningStyle = Automatic;
						TestTargetID = 4609E0E32216E0CE00FB0FD1;
					};
				};
			};
			buildConfigurationList = 4609E0DF2216E0CE00FB0FD1 /* Build configuration list for PBXProject "demoJSon" */;
			compatibilityVersion = "Xcode 8.0";
			developmentRegion = en;
			hasScannedForEncodings = 0;
			knownRegions = (
				en,
				Base,
			);
			mainGroup = 4609E0DB2216E0CE00FB0FD1;
			productRefGroup = 4609E0E52216E0CE00FB0FD1 /* Products */;
			projectDirPath = "";
			projectRoot = "";
			targets = (
				4609E0E32216E0CE00FB0FD1 /* demoJSon */,
				4609E0F72216E0CE00FB0FD1 /* demoJSonTests */,
				4609E1022216E0CE00FB0FD1 /* demoJSonUITests */,
			);
		};
/* End PBXProject section */

/* Begin PBXResourcesBuildPhase section */
		4609E0E22216E0CE00FB0FD1 /* Resources */ = {
			isa = PBXResourcesBuildPhase;
			buildActionMask = 2147483647;
			files = (
				4609E0F22216E0CE00FB0FD1 /* LaunchScreen.storyboard in Resources */,
				4609E0EF2216E0CE00FB0FD1 /* Assets.xcassets in Resources */,
				4609E0ED2216E0CE00FB0FD1 /* Main.storyboard in Resources */,
			);
			runOnlyForDeploymentPostprocessing = 0;
		};
		4609E0F62216E0CE00FB0FD1 /* Resources */ = {
			isa = PBXResourcesBuildPhase;
			buildActionMask = 2147483647;
			files = (
			);
			runOnlyForDeploymentPostprocessing = 0;
		};
		4609E1012216E0CE00FB0FD1 /* Resources */ = {
			isa = PBXResourcesBuildPhase;
			buildActionMask = 2147483647;
			files = (
			);
			runOnlyForDeploymentPostprocessing = 0;
		};
/* End PBXResourcesBuildPhase section */

/* Begin PBXSourcesBuildPhase section */
		4609E0E02216E0CE00FB0FD1 /* Sources */ = {
			isa = PBXSourcesBuildPhase;
			buildActionMask = 2147483647;
			files = (
				460718C2221A772F00ED3371 /* dataViewController.swift in Sources */,
				460718C02219B62B00ED3371 /* TableViewCell.swift in Sources */,
				4609E0EA2216E0CE00FB0FD1 /* ViewController.swift in Sources */,
				4609E0E82216E0CE00FB0FD1 /* AppDelegate.swift in Sources */,
			);
			runOnlyForDeploymentPostprocessing = 0;
		};
		4609E0F42216E0CE00FB0FD1 /* Sources */ = {
			isa = PBXSourcesBuildPhase;
			buildActionMask = 2147483647;
			files = (
				4609E0FD2216E0CE00FB0FD1 /* demoJSonTests.swift in Sources */,
			);
			runOnlyForDeploymentPostprocessing = 0;
		};
		4609E0FF2216E0CE00FB0FD1 /* Sources */ = {
			isa = PBXSourcesBuildPhase;
			buildActionMask = 2147483647;
			files = (
				4609E1082216E0CE00FB0FD1 /* demoJSonUITests.swift in Sources */,
			);
			runOnlyForDeploymentPostprocessing = 0;
		};
/* End PBXSourcesBuildPhase section */

/* Begin PBXTargetDependency section */
		4609E0FA2216E0CE00FB0FD1 /* PBXTargetDependency */ = {
			isa = PBXTargetDependency;
			target = 4609E0E32216E0CE00FB0FD1 /* demoJSon */;
			targetProxy = 4609E0F92216E0CE00FB0FD1 /* PBXContainerItemProxy */;
		};
		4609E1052216E0CE00FB0FD1 /* PBXTargetDependency */ = {
			isa = PBXTargetDependency;
			target = 4609E0E32216E0CE00FB0FD1 /* demoJSon */;
			targetProxy = 4609E1042216E0CE00FB0FD1 /* PBXContainerItemProxy */;
		};
/* End PBXTargetDependency section */

/* Begin PBXVariantGroup section */
		4609E0EB2216E0CE00FB0FD1 /* Main.storyboard */ = {
			isa = PBXVariantGroup;
			children = (
				4609E0EC2216E0CE00FB0FD1 /* Base */,
			);
			name = Main.storyboard;
			sourceTree = "<group>";
		};
		4609E0F02216E0CE00FB0FD1 /* LaunchScreen.storyboard */ = {
			isa = PBXVariantGroup;
			children = (
				4609E0F12216E0CE00FB0FD1 /* Base */,
			);
			name = LaunchScreen.storyboard;
			sourceTree = "<group>";
		};
/* End PBXVariantGroup section */

/* Begin XCBuildConfiguration section */
		4609E10A2216E0CE00FB0FD1 /* Debug */ = {
			isa = XCBuildConfiguration;
			buildSettings = {
				ALWAYS_SEARCH_USER_PATHS = NO;
				CLANG_ANALYZER_NONNULL = YES;
				CLANG_ANALYZER_NUMBER_OBJECT_CONVERSION = YES_AGGRESSIVE;
				CLANG_CXX_LANGUAGE_STANDARD = "gnu++14";
				CLANG_CXX_LIBRARY = "libc++";
				CLANG_ENABLE_MODULES = YES;
				CLANG_ENABLE_OBJC_ARC = YES;
				CLANG_WARN_BLOCK_CAPTURE_AUTORELEASING = YES;
				CLANG_WARN_BOOL_CONVERSION = YES;
				CLANG_WARN_COMMA = YES;
				CLANG_WARN_CONSTANT_CONVERSION = YES;
				CLANG_WARN_DIRECT_OBJC_ISA_USAGE = YES_ERROR;
				CLANG_WARN_DOCUMENTATION_COMMENTS = YES;
				CLANG_WARN_EMPTY_BODY = YES;
				CLANG_WARN_ENUM_CONVERSION = YES;
				CLANG_WARN_INFINITE_RECURSION = YES;
				CLANG_WARN_INT_CONVERSION = YES;
				CLANG_WARN_NON_LITERAL_NULL_CONVERSION = YES;
				CLANG_WARN_OBJC_LITERAL_CONVERSION = YES;
				CLANG_WARN_OBJC_ROOT_CLASS = YES_ERROR;
				CLANG_WARN_RANGE_LOOP_ANALYSIS = YES;
				CLANG_WARN_STRICT_PROTOTYPES = YES;
				CLANG_WARN_SUSPICIOUS_MOVE = YES;
				CLANG_WARN_UNGUARDED_AVAILABILITY = YES_AGGRESSIVE;
				CLANG_WARN_UNREACHABLE_CODE = YES;
				CLANG_WARN__DUPLICATE_METHOD_MATCH = YES;
				CODE_SIGN_IDENTITY = "iPhone Developer";
				COPY_PHASE_STRIP = NO;
				DEBUG_INFORMATION_FORMAT = dwarf;
				ENABLE_STRICT_OBJC_MSGSEND = YES;
				ENABLE_TESTABILITY = YES;
				GCC_C_LANGUAGE_STANDARD = gnu11;
				GCC_DYNAMIC_NO_PIC = NO;
				GCC_NO_COMMON_BLOCKS = YES;
				GCC_OPTIMIZATION_LEVEL = 0;
				GCC_PREPROCESSOR_DEFINITIONS = (
					"DEBUG=1",
					"$(inherited)",
				);
				GCC_WARN_64_TO_32_BIT_CONVERSION = YES;
				GCC_WARN_ABOUT_RETURN_TYPE = YES_ERROR;
				GCC_WARN_UNDECLARED_SELECTOR = YES;
				GCC_WARN_UNINITIALIZED_AUTOS = YES_AGGRESSIVE;
				GCC_WARN_UNUSED_FUNCTION = YES;
				GCC_WARN_UNUSED_VARIABLE = YES;
				IPHONEOS_DEPLOYMENT_TARGET = 11.0;
				MTL_ENABLE_DEBUG_INFO = YES;
				ONLY_ACTIVE_ARCH = YES;
				SDKROOT = iphoneos;
				SWIFT_ACTIVE_COMPILATION_CONDITIONS = DEBUG;
				SWIFT_OPTIMIZATION_LEVEL = "-Onone";
			};
			name = Debug;
		};
		4609E10B2216E0CE00FB0FD1 /* Release */ = {
			isa = XCBuildConfiguration;
			buildSettings = {
				ALWAYS_SEARCH_USER_PATHS = NO;
				CLANG_ANALYZER_NONNULL = YES;
				CLANG_ANALYZER_NUMBER_OBJECT_CONVERSION = YES_AGGRESSIVE;
				CLANG_CXX_LANGUAGE_STANDARD = "gnu++14";
				CLANG_CXX_LIBRARY = "libc++";
				CLANG_ENABLE_MODULES = YES;
				CLANG_ENABLE_OBJC_ARC = YES;
				CLANG_WARN_BLOCK_CAPTURE_AUTORELEASING = YES;
				CLANG_WARN_BOOL_CONVERSION = YES;
				CLANG_WARN_COMMA = YES;
				CLANG_WARN_CONSTANT_CONVERSION = YES;
				CLANG_WARN_DIRECT_OBJC_ISA_USAGE = YES_ERROR;
				CLANG_WARN_DOCUMENTATION_COMMENTS = YES;
				CLANG_WARN_EMPTY_BODY = YES;
				CLANG_WARN_ENUM_CONVERSION = YES;
				CLANG_WARN_INFINITE_RECURSION = YES;
				CLANG_WARN_INT_CONVERSION = YES;
				CLANG_WARN_NON_LITERAL_NULL_CONVERSION = YES;
				CLANG_WARN_OBJC_LITERAL_CONVERSION = YES;
				CLANG_WARN_OBJC_ROOT_CLASS = YES_ERROR;
				CLANG_WARN_RANGE_LOOP_ANALYSIS = YES;
				CLANG_WARN_STRICT_PROTOTYPES = YES;
				CLANG_WARN_SUSPICIOUS_MOVE = YES;
				CLANG_WARN_UNGUARDED_AVAILABILITY = YES_AGGRESSIVE;
				CLANG_WARN_UNREACHABLE_CODE = YES;
				CLANG_WARN__DUPLICATE_METHOD_MATCH = YES;
				CODE_SIGN_IDENTITY = "iPhone Developer";
				COPY_PHASE_STRIP = NO;
				DEBUG_INFORMATION_FORMAT = "dwarf-with-dsym";
				ENABLE_NS_ASSERTIONS = NO;
				ENABLE_STRICT_OBJC_MSGSEND = YES;
				GCC_C_LANGUAGE_STANDARD = gnu11;
				GCC_NO_COMMON_BLOCKS = YES;
				GCC_WARN_64_TO_32_BIT_CONVERSION = YES;
				GCC_WARN_ABOUT_RETURN_TYPE = YES_ERROR;
				GCC_WARN_UNDECLARED_SELECTOR = YES;
				GCC_WARN_UNINITIALIZED_AUTOS = YES_AGGRESSIVE;
				GCC_WARN_UNUSED_FUNCTION = YES;
				GCC_WARN_UNUSED_VARIABLE = YES;
				IPHONEOS_DEPLOYMENT_TARGET = 11.0;
				MTL_ENABLE_DEBUG_INFO = NO;
				SDKROOT = iphoneos;
				SWIFT_OPTIMIZATION_LEVEL = "-Owholemodule";
				VALIDATE_PRODUCT = YES;
			};
			name = Release;
		};
		4609E10D2216E0CE00FB0FD1 /* Debug */ = {
			isa = XCBuildConfiguration;
			buildSettings = {
				ASSETCATALOG_COMPILER_APPICON_NAME = AppIcon;
				CODE_SIGN_STYLE = Automatic;
				INFOPLIST_FILE = demoJSon/Info.plist;
				LD_RUNPATH_SEARCH_PATHS = "$(inherited) @executable_path/Frameworks";
				PRODUCT_BUNDLE_IDENTIFIER = sample.cc.demoJSon;
				PRODUCT_NAME = "$(TARGET_NAME)";
				SWIFT_VERSION = 4.0;
				TARGETED_DEVICE_FAMILY = "1,2";
			};
			name = Debug;
		};
		4609E10E2216E0CE00FB0FD1 /* Release */ = {
			isa = XCBuildConfiguration;
			buildSettings = {
				ASSETCATALOG_COMPILER_APPICON_NAME = AppIcon;
				CODE_SIGN_STYLE = Automatic;
				INFOPLIST_FILE = demoJSon/Info.plist;
				LD_RUNPATH_SEARCH_PATHS = "$(inherited) @executable_path/Frameworks";
				PRODUCT_BUNDLE_IDENTIFIER = sample.cc.demoJSon;
				PRODUCT_NAME = "$(TARGET_NAME)";
				SWIFT_VERSION = 4.0;
				TARGETED_DEVICE_FAMILY = "1,2";
			};
			name = Release;
		};
		4609E1102216E0CE00FB0FD1 /* Debug */ = {
			isa = XCBuildConfiguration;
			buildSettings = {
				ALWAYS_EMBED_SWIFT_STANDARD_LIBRARIES = YES;
				BUNDLE_LOADER = "$(TEST_HOST)";
				CODE_SIGN_STYLE = Automatic;
				INFOPLIST_FILE = demoJSonTests/Info.plist;
				LD_RUNPATH_SEARCH_PATHS = "$(inherited) @executable_path/Frameworks @loader_path/Frameworks";
				PRODUCT_BUNDLE_IDENTIFIER = sample.cc.demoJSonTests;
				PRODUCT_NAME = "$(TARGET_NAME)";
				SWIFT_VERSION = 4.0;
				TARGETED_DEVICE_FAMILY = "1,2";
				TEST_HOST = "$(BUILT_PRODUCTS_DIR)/demoJSon.app/demoJSon";
			};
			name = Debug;
		};
		4609E1112216E0CE00FB0FD1 /* Release */ = {
			isa = XCBuildConfiguration;
			buildSettings = {
				ALWAYS_EMBED_SWIFT_STANDARD_LIBRARIES = YES;
				BUNDLE_LOADER = "$(TEST_HOST)";
				CODE_SIGN_STYLE = Automatic;
				INFOPLIST_FILE = demoJSonTests/Info.plist;
				LD_RUNPATH_SEARCH_PATHS = "$(inherited) @executable_path/Frameworks @loader_path/Frameworks";
				PRODUCT_BUNDLE_IDENTIFIER = sample.cc.demoJSonTests;
				PRODUCT_NAME = "$(TARGET_NAME)";
				SWIFT_VERSION = 4.0;
				TARGETED_DEVICE_FAMILY = "1,2";
				TEST_HOST = "$(BUILT_PRODUCTS_DIR)/demoJSon.app/demoJSon";
			};
			name = Release;
		};
		4609E1132216E0CE00FB0FD1 /* Debug */ = {
			isa = XCBuildConfiguration;
			buildSettings = {
				ALWAYS_EMBED_SWIFT_STANDARD_LIBRARIES = YES;
				CODE_SIGN_STYLE = Automatic;
				INFOPLIST_FILE = demoJSonUITests/Info.plist;
				LD_RUNPATH_SEARCH_PATHS = "$(inherited) @executable_path/Frameworks @loader_path/Frameworks";
				PRODUCT_BUNDLE_IDENTIFIER = sample.cc.demoJSonUITests;
				PRODUCT_NAME = "$(TARGET_NAME)";
				SWIFT_VERSION = 4.0;
				TARGETED_DEVICE_FAMILY = "1,2";
				TEST_TARGET_NAME = demoJSon;
			};
			name = Debug;
		};
		4609E1142216E0CE00FB0FD1 /* Release */ = {
			isa = XCBuildConfiguration;
			buildSettings = {
				ALWAYS_EMBED_SWIFT_STANDARD_LIBRARIES = YES;
				CODE_SIGN_STYLE = Automatic;
				INFOPLIST_FILE = demoJSonUITests/Info.plist;
				LD_RUNPATH_SEARCH_PATHS = "$(inherited) @executable_path/Frameworks @loader_path/Frameworks";
				PRODUCT_BUNDLE_IDENTIFIER = sample.cc.demoJSonUITests;
				PRODUCT_NAME = "$(TARGET_NAME)";
				SWIFT_VERSION = 4.0;
				TARGETED_DEVICE_FAMILY = "1,2";
				TEST_TARGET_NAME = demoJSon;
			};
			name = Release;
		};
/* End XCBuildConfiguration section */

/* Begin XCConfigurationList section */
		4609E0DF2216E0CE00FB0FD1 /* Build configuration list for PBXProject "demoJSon" */ = {
			isa = XCConfigurationList;
			buildConfigurations = (
				4609E10A2216E0CE00FB0FD1 /* Debug */,
				4609E10B2216E0CE00FB0FD1 /* Release */,
			);
			defaultConfigurationIsVisible = 0;
			defaultConfigurationName = Release;
		};
		4609E10C2216E0CE00FB0FD1 /* Build configuration list for PBXNativeTarget "demoJSon" */ = {
			isa = XCConfigurationList;
			buildConfigurations = (
				4609E10D2216E0CE00FB0FD1 /* Debug */,
				4609E10E2216E0CE00FB0FD1 /* Release */,
			);
			defaultConfigurationIsVisible = 0;
			defaultConfigurationName = Release;
		};
		4609E10F2216E0CE00FB0FD1 /* Build configuration list for PBXNativeTarget "demoJSonTests" */ = {
			isa = XCConfigurationList;
			buildConfigurations = (
				4609E1102216E0CE00FB0FD1 /* Debug */,
				4609E1112216E0CE00FB0FD1 /* Release */,
			);
			defaultConfigurationIsVisible = 0;
			defaultConfigurationName = Release;
		};
		4609E1122216E0CE00FB0FD1 /* Build configuration list for PBXNativeTarget "demoJSonUITests" */ = {
			isa = XCConfigurationList;
			buildConfigurations = (
				4609E1132216E0CE00FB0FD1 /* Debug */,
				4609E1142216E0CE00FB0FD1 /* Release */,
			);
			defaultConfigurationIsVisible = 0;
			defaultConfigurationName = Release;
		};
/* End XCConfigurationList section */
	};
	rootObject = 4609E0DC2216E0CE00FB0FD1 /* Project object */;
}
